{
  "originHash" : "80f49c930f9c8d747b30aa6967fa2781b7f58cda931276aedf9752d9242d22d8",
  "pins" : [
    {
      "identity" : "xq-xcuitest-support",
      "kind" : "remoteSourceControl",
      "location" : "https://github.com/ExperienceQuality/xq-xcuitest-support.git",
      "state" : {
        "revision" : "fd1981533d352be40b8c5a6169cd6eda7bd6bd3c",
        "version" : "0.0.1"
      }
    }
  ],
  "version" : 3
}
