{
  "originHash" : "63e5944221d4de0803535da861eca94cf5ca179d71c6d54f067ec12010b310da",
  "pins" : [
    {
      "identity" : "xq-xcuitest-support",
      "kind" : "remoteSourceControl",
      "location" : "https://github.com/ExperienceQuality/xq-xcuitest-support.git",
      "state" : {
        "revision" : "41435406583d78e4dd20521546f354e92309e49a",
        "version" : "0.1.0"
      }
    }
  ],
  "version" : 3
}
